
Microsoft Visual Studio Solution File, Format Version 12.00
# Visual Studio Version 16
VisualStudioVersion = 16.0.31911.196
MinimumVisualStudioVersion = 10.0.40219.1
Project("{FAE04EC0-301F-11D3-BF4B-00C04F79EFBC}") = "EpiserverSite", "EpiserverSite.csproj", "{EC1B5D7D-9E70-4961-8CA8-CBCFDCFE72ED}"
EndProject
Global
	GlobalSection(SolutionConfigurationPlatforms) = preSolution
		Debug|Any CPU = Debug|Any CPU
		Release|Any CPU = Release|Any CPU
	EndGlobalSection
	GlobalSection(ProjectConfigurationPlatforms) = postSolution
		{EC1B5D7D-9E70-4961-8CA8-CBCFDCFE72ED}.Debug|Any CPU.ActiveCfg = Debug|Any CPU
		{EC1B5D7D-9E70-4961-8CA8-CBCFDCFE72ED}.Debug|Any CPU.Build.0 = Debug|Any CPU
		{EC1B5D7D-9E70-4961-8CA8-CBCFDCFE72ED}.Release|Any CPU.ActiveCfg = Release|Any CPU
		{EC1B5D7D-9E70-4961-8CA8-CBCFDCFE72ED}.Release|Any CPU.Build.0 = Release|Any CPU
	EndGlobalSection
	GlobalSection(SolutionProperties) = preSolution
		HideSolutionNode = FALSE
	EndGlobalSection
	GlobalSection(ExtensibilityGlobals) = postSolution
		SolutionGuid = {CF3246A8-F3A3-4B0C-B841-EFEA398EB053}
	EndGlobalSection
EndGlobal
