
Microsoft Visual Studio Solution File, Format Version 12.00
# Visual Studio Version 17
VisualStudioVersion = 17.3.32929.385
MinimumVisualStudioVersion = 10.0.40219.1
Project("{FAE04EC0-301F-11D3-BF4B-00C04F79EFBC}") = "MSWebPlayground", "MSWebPlayground\MSWebPlayground.csproj", "{704A1BB3-5096-4128-B0B9-1CC96C66C84E}"
EndProject
Global
	GlobalSection(SolutionConfigurationPlatforms) = preSolution
		Debug|Any CPU = Debug|Any CPU
		Release|Any CPU = Release|Any CPU
	EndGlobalSection
	GlobalSection(ProjectConfigurationPlatforms) = postSolution
		{704A1BB3-5096-4128-B0B9-1CC96C66C84E}.Debug|Any CPU.ActiveCfg = Debug|Any CPU
		{704A1BB3-5096-4128-B0B9-1CC96C66C84E}.Debug|Any CPU.Build.0 = Debug|Any CPU
		{704A1BB3-5096-4128-B0B9-1CC96C66C84E}.Release|Any CPU.ActiveCfg = Release|Any CPU
		{704A1BB3-5096-4128-B0B9-1CC96C66C84E}.Release|Any CPU.Build.0 = Release|Any CPU
	EndGlobalSection
	GlobalSection(SolutionProperties) = preSolution
		HideSolutionNode = FALSE
	EndGlobalSection
	GlobalSection(ExtensibilityGlobals) = postSolution
		SolutionGuid = {3BA284DF-47D7-4DEA-9506-89690C483746}
	EndGlobalSection
EndGlobal
